
Microsoft Visual Studio Solution File, Format Version 12.00
# Visual Studio 15
VisualStudioVersion = 15.0.28307.489
MinimumVisualStudioVersion = 10.0.40219.1
Project("{FAE04EC0-301F-11D3-BF4B-00C04F79EFBC}") = "MCLauncher", "MCLauncher\MCLauncher.csproj", "{9FEBCF6C-14EF-49E9-B57D-FCBC3BA4BC77}"
	ProjectSection(ProjectDependencies) = postProject
		{B7336BA7-1E83-43D8-BD0E-3D44C6E3D4E7} = {B7336BA7-1E83-43D8-BD0E-3D44C6E3D4E7}
	EndProjectSection
EndProject
Project("{8BC9CEB8-8B4A-11D0-8D11-00A0C91BC942}") = "WUTokenHelper", "WUTokenHelper\WUTokenHelper.vcxproj", "{B7336BA7-1E83-43D8-BD0E-3D44C6E3D4E7}"
EndProject
Global
	GlobalSection(SolutionConfigurationPlatforms) = preSolution
		Debug|Any CPU = Debug|Any CPU
		Debug|x64 = Debug|x64
		Debug|x86 = Debug|x86
		Release|Any CPU = Release|Any CPU
		Release|x64 = Release|x64
		Release|x86 = Release|x86
	EndGlobalSection
	GlobalSection(ProjectConfigurationPlatforms) = postSolution
		{9FEBCF6C-14EF-49E9-B57D-FCBC3BA4BC77}.Debug|Any CPU.ActiveCfg = Debug|Any CPU
		{9FEBCF6C-14EF-49E9-B57D-FCBC3BA4BC77}.Debug|Any CPU.Build.0 = Debug|Any CPU
		{9FEBCF6C-14EF-49E9-B57D-FCBC3BA4BC77}.Debug|x64.ActiveCfg = Debug|x64
		{9FEBCF6C-14EF-49E9-B57D-FCBC3BA4BC77}.Debug|x64.Build.0 = Debug|x64
		{9FEBCF6C-14EF-49E9-B57D-FCBC3BA4BC77}.Debug|x86.ActiveCfg = Debug|Any CPU
		{9FEBCF6C-14EF-49E9-B57D-FCBC3BA4BC77}.Debug|x86.Build.0 = Debug|Any CPU
		{9FEBCF6C-14EF-49E9-B57D-FCBC3BA4BC77}.Release|Any CPU.ActiveCfg = Release|Any CPU
		{9FEBCF6C-14EF-49E9-B57D-FCBC3BA4BC77}.Release|Any CPU.Build.0 = Release|Any CPU
		{9FEBCF6C-14EF-49E9-B57D-FCBC3BA4BC77}.Release|x64.ActiveCfg = Release|x64
		{9FEBCF6C-14EF-49E9-B57D-FCBC3BA4BC77}.Release|x64.Build.0 = Release|x64
		{9FEBCF6C-14EF-49E9-B57D-FCBC3BA4BC77}.Release|x86.ActiveCfg = Release|Any CPU
		{9FEBCF6C-14EF-49E9-B57D-FCBC3BA4BC77}.Release|x86.Build.0 = Release|Any CPU
		{B7336BA7-1E83-43D8-BD0E-3D44C6E3D4E7}.Debug|Any CPU.ActiveCfg = Debug|Win32
		{B7336BA7-1E83-43D8-BD0E-3D44C6E3D4E7}.Debug|x64.ActiveCfg = Debug|x64
		{B7336BA7-1E83-43D8-BD0E-3D44C6E3D4E7}.Debug|x64.Build.0 = Debug|x64
		{B7336BA7-1E83-43D8-BD0E-3D44C6E3D4E7}.Debug|x86.ActiveCfg = Debug|Win32
		{B7336BA7-1E83-43D8-BD0E-3D44C6E3D4E7}.Debug|x86.Build.0 = Debug|Win32
		{B7336BA7-1E83-43D8-BD0E-3D44C6E3D4E7}.Release|Any CPU.ActiveCfg = Release|Win32
		{B7336BA7-1E83-43D8-BD0E-3D44C6E3D4E7}.Release|x64.ActiveCfg = Release|x64
		{B7336BA7-1E83-43D8-BD0E-3D44C6E3D4E7}.Release|x64.Build.0 = Release|x64
		{B7336BA7-1E83-43D8-BD0E-3D44C6E3D4E7}.Release|x86.ActiveCfg = Release|Win32
		{B7336BA7-1E83-43D8-BD0E-3D44C6E3D4E7}.Release|x86.Build.0 = Release|Win32
	EndGlobalSection
	GlobalSection(SolutionProperties) = preSolution
		HideSolutionNode = FALSE
	EndGlobalSection
	GlobalSection(ExtensibilityGlobals) = postSolution
		SolutionGuid = {4B611BC5-61AA-4DAA-9A13-DF3631882AE0}
	EndGlobalSection
EndGlobal
